# THIS IS AN AUTOGENERATED FILE. DO NOT EDIT THIS FILE DIRECTLY.
# yarn lockfile v1


"@firebase/analytics-compat@0.2.0":
  version "0.2.0"
  resolved "https://registry.yarnpkg.com/@firebase/analytics-compat/-/analytics-compat-0.2.0.tgz#c9e70d50bc07ba1865c589ee34f7106661c5105b"
  dependencies:
    "@firebase/analytics" "0.9.0"
    "@firebase/analytics-types" "0.8.0"
    "@firebase/component" "0.6.0"
    "@firebase/util" "1.8.0"
    tslib "^2.1.0"

"@firebase/analytics-types@0.8.0":
  version "0.8.0"
  resolved "https://registry.yarnpkg.com/@firebase/analytics-types/-/analytics-types-0.8.0.tgz#551e744a29adbc07f557306530a2ec86add6d410"

"@firebase/analytics@0.9.0":
  version "0.9.0"
  resolved "https://registry.yarnpkg.com/@firebase/analytics/-/analytics-0.9.0.tgz#05baa16abd1283d02debc40150253fe93d106bf0"
  dependencies:
    "@firebase/component" "0.6.0"
    "@firebase/installations" "0.6.0"
    "@firebase/logger" "0.4.0"
    "@firebase/util" "1.8.0"
    tslib "^2.1.0"

"@firebase/app-check-compat@0.3.0":
  version "0.3.0"
  resolved "https://registry.yarnpkg.com/@firebase/app-check-compat/-/app-check-compat-0.3.0.tgz#e050c84fe9046e9aa5bfad32d8407e18c97a4b58"
  dependencies:
    "@firebase/app-check" "0.6.0"
    "@firebase/app-check-types" "0.5.0"
    "@firebase/component" "0.6.0"
    "@firebase/logger" "0.4.0"
    "@firebase/util" "1.8.0"
    tslib "^2.1.0"

"@firebase/app-check-interop-types@0.2.0":
  version "0.2.0"
  resolved "https://registry.yarnpkg.com/@firebase/app-check-interop-types/-/app-check-interop-types-0.2.0.tgz#9106270114ca4e7732457e8319333866a26285d8"

"@firebase/app-check-types@0.5.0":
  version "0.5.0"
  resolved "https://registry.yarnpkg.com/@firebase/app-check-types/-/app-check-types-0.5.0.tgz#1b02826213d7ce6a1cf773c329b46ea1c67064f4"

"@firebase/app-check@0.6.0":
  version "0.6.0"
  resolved "https://registry.yarnpkg.com/@firebase/app-check/-/app-check-0.6.0.tgz#86874d48430f1bc04b92426bc99052f6f03eadc4"
  dependencies:
    "@firebase/component" "0.6.0"
    "@firebase/logger" "0.4.0"
    "@firebase/util" "1.8.0"
    tslib "^2.1.0"

"@firebase/app-compat@0.2.0":
  version "0.2.0"
  resolved "https://registry.yarnpkg.com/@firebase/app-compat/-/app-compat-0.2.0.tgz#ffd401324d0a0974911b55e7843edc020b7a65a5"
  dependencies:
    "@firebase/app" "0.9.0"
    "@firebase/component" "0.6.0"
    "@firebase/logger" "0.4.0"
    "@firebase/util" "1.8.0"
    tslib "^2.1.0"

"@firebase/app-types@0.9.0":
  version "0.9.0"
  resolved "https://registry.yarnpkg.com/@firebase/app-types/-/app-types-0.9.0.tgz#35b5c568341e9e263b29b3d2ba0e9cfc9ec7f01e"

"@firebase/app@0.9.0":
  version "0.9.0"
  resolved "https://registry.yarnpkg.com/@firebase/app/-/app-0.9.0.tgz#0eaf7e837e8c6f97a384b5f6589a23961184c34c"
  dependencies:
    "@firebase/component" "0.6.0"
    "@firebase/logger" "0.4.0"
    "@firebase/util" "1.8.0"
    idb "7.0.1"
    tslib "^2.1.0"

"@firebase/auth-compat@0.3.0":
  version "0.3.0"
  resolved "https://registry.yarnpkg.com/@firebase/auth-compat/-/auth-compat-0.3.0.tgz#a1e753147e3bd99e0ddbaa76a7c4ec317edf2f0d"
  dependencies:
    "@firebase/auth" "0.21.0"
    "@firebase/auth-types" "0.12.0"
    "@firebase/component" "0.6.0"
    "@firebase/util" "1.8.0"
    node-fetch "2.6.7"
    tslib "^2.1.0"

"@firebase/auth-interop-types@0.2.0":
  version "0.2.0"
  resolved "https://registry.yarnpkg.com/@firebase/auth-interop-types/-/auth-interop-types-0.2.0.tgz#1119eda760239a839e4c8d04e88fa90082546760"

"@firebase/auth-types@0.12.0":
  version "0.12.0"
  resolved "https://registry.yarnpkg.com/@firebase/auth-types/-/auth-types-0.12.0.tgz#f28e1b68ac3b208ad02a15854c585be6da3e8e79"

"@firebase/auth@0.21.0":
  version "0.21.0"
  resolved "https://registry.yarnpkg.com/@firebase/auth/-/auth-0.21.0.tgz#058ee82bbea55c41ec4f92465e98e8013055eb2c"
  dependencies:
    "@firebase/component" "0.6.0"
    "@firebase/logger" "0.4.0"
    "@firebase/util" "1.8.0"
    node-fetch "2.6.7"
    tslib "^2.1.0"

"@firebase/component@0.6.0":
  version "0.6.0"
  resolved "https://registry.yarnpkg.com/@firebase/component/-/component-0.6.0.tgz#8149a412cf5ef7336f91ad409e72a8e55cf721ef"
  dependencies:
    "@firebase/util" "1.8.0"
    tslib "^2.1.0"

"@firebase/database-compat@0.3.0":
  version "0.3.0"
  resolved "https://registry.yarnpkg.com/@firebase/database-compat/-/database-compat-0.3.0.tgz#229a2d584895dbfaf80025595f604247e2e72155"
  dependencies:
    "@firebase/component" "0.6.0"
    "@firebase/database" "0.14.0"
    "@firebase/database-types" "0.10.0"
    "@firebase/logger" "0.4.0"
    "@firebase/util" "1.8.0"
    tslib "^2.1.0"

"@firebase/database-types@0.10.0":
  version "0.10.0"
  resolved "https://registry.yarnpkg.com/@firebase/database-types/-/database-types-0.10.0.tgz#ee982a3ac92c69ca0129efd309611646ceb25162"
  dependencies:
    "@firebase/app-types" "0.9.0"
    "@firebase/util" "1.8.0"

"@firebase/database@0.14.0":
  version "0.14.0"
  resolved "https://registry.yarnpkg.com/@firebase/database/-/database-0.14.0.tgz#3cb93dae38ccd6b43d467c666769998b84cb8e92"
  dependencies:
    "@firebase/auth-interop-types" "0.2.0"
    "@firebase/component" "0.6.0"
    "@firebase/logger" "0.4.0"
    "@firebase/util" "1.8.0"
    faye-websocket "0.11.4"
    tslib "^2.1.0"

"@firebase/firestore-compat@0.3.0":
  version "0.3.0"
  resolved "https://registry.yarnpkg.com/@firebase/firestore-compat/-/firestore-compat-0.3.0.tgz#277b6c4ad6aa6a04b7c2a6911b8878c101493302"
  dependencies:
    "@firebase/component" "0.6.0"
    "@firebase/firestore" "3.8.0"
    "@firebase/firestore-types" "2.5.1"
    "@firebase/util" "1.8.0"
    tslib "^2.1.0"

"@firebase/firestore-types@2.5.1":
  version "2.5.1"
  resolved "https://registry.yarnpkg.com/@firebase/firestore-types/-/firestore-types-2.5.1.tgz#464b2ee057956599ca34de50eae957c30fdbabb7"

"@firebase/firestore@3.8.0":
  version "3.8.0"
  resolved "https://registry.yarnpkg.com/@firebase/firestore/-/firestore-3.8.0.tgz#4d955a11c2205dd84a9d34ae75506d829593bb00"
  dependencies:
    "@firebase/component" "0.6.0"
    "@firebase/logger" "0.4.0"
    "@firebase/util" "1.8.0"
    "@firebase/webchannel-wrapper" "0.9.0"
    "@grpc/grpc-js" "~1.7.0"
    "@grpc/proto-loader" "^0.6.13"
    node-fetch "2.6.7"
    tslib "^2.1.0"

"@firebase/functions-compat@0.3.0":
  version "0.3.0"
  resolved "https://registry.yarnpkg.com/@firebase/functions-compat/-/functions-compat-0.3.0.tgz#7e426d65209664502baf724757d498a1f12dd27f"
  dependencies:
    "@firebase/component" "0.6.0"
    "@firebase/functions" "0.9.0"
    "@firebase/functions-types" "0.6.0"
    "@firebase/util" "1.8.0"
    tslib "^2.1.0"

"@firebase/functions-types@0.6.0":
  version "0.6.0"
  resolved "https://registry.yarnpkg.com/@firebase/functions-types/-/functions-types-0.6.0.tgz#ccd7000dc6fc668f5acb4e6a6a042a877a555ef2"

"@firebase/functions@0.9.0":
  version "0.9.0"
  resolved "https://registry.yarnpkg.com/@firebase/functions/-/functions-0.9.0.tgz#8282d9b191026caf543366d55c0b2f7ae1e33f53"
  dependencies:
    "@firebase/app-check-interop-types" "0.2.0"
    "@firebase/auth-interop-types" "0.2.0"
    "@firebase/component" "0.6.0"
    "@firebase/messaging-interop-types" "0.2.0"
    "@firebase/util" "1.8.0"
    node-fetch "2.6.7"
    tslib "^2.1.0"

"@firebase/installations-compat@0.2.0":
  version "0.2.0"
  resolved "https://registry.yarnpkg.com/@firebase/installations-compat/-/installations-compat-0.2.0.tgz#32f3fc662d65bc8f90dfca0c54e69206d0b23512"
  dependencies:
    "@firebase/component" "0.6.0"
    "@firebase/installations" "0.6.0"
    "@firebase/installations-types" "0.5.0"
    "@firebase/util" "1.8.0"
    tslib "^2.1.0"

"@firebase/installations-types@0.5.0":
  version "0.5.0"
  resolved "https://registry.yarnpkg.com/@firebase/installations-types/-/installations-types-0.5.0.tgz#2adad64755cd33648519b573ec7ec30f21fb5354"

"@firebase/installations@0.6.0":
  version "0.6.0"
  resolved "https://registry.yarnpkg.com/@firebase/installations/-/installations-0.6.0.tgz#f8354ceb447d89589cbac84650ed28edcd97961b"
  dependencies:
    "@firebase/component" "0.6.0"
    "@firebase/util" "1.8.0"
    idb "7.0.1"
    tslib "^2.1.0"

"@firebase/logger@0.4.0":
  version "0.4.0"
  resolved "https://registry.yarnpkg.com/@firebase/logger/-/logger-0.4.0.tgz#15ecc03c452525f9d47318ad9491b81d1810f113"
  dependencies:
    tslib "^2.1.0"

"@firebase/messaging-compat@0.2.0":
  version "0.2.0"
  resolved "https://registry.yarnpkg.com/@firebase/messaging-compat/-/messaging-compat-0.2.0.tgz#e42ca592c3ac604ab3716bef0a805a6427ff4c54"
  dependencies:
    "@firebase/component" "0.6.0"
    "@firebase/messaging" "0.12.0"
    "@firebase/util" "1.8.0"
    tslib "^2.1.0"

"@firebase/messaging-interop-types@0.2.0":
  version "0.2.0"
  resolved "https://registry.yarnpkg.com/@firebase/messaging-interop-types/-/messaging-interop-types-0.2.0.tgz#6056f8904a696bf0f7fdcf5f2ca8f008e8f6b064"

"@firebase/messaging@0.12.0":
  version "0.12.0"
  resolved "https://registry.yarnpkg.com/@firebase/messaging/-/messaging-0.12.0.tgz#ba7e341c61b9b6d76b06be1ef977e6d0e449bec7"
  dependencies:
    "@firebase/component" "0.6.0"
    "@firebase/installations" "0.6.0"
    "@firebase/messaging-interop-types" "0.2.0"
    "@firebase/util" "1.8.0"
    idb "7.0.1"
    tslib "^2.1.0"

"@firebase/performance-compat@0.2.0":
  version "0.2.0"
  resolved "https://registry.yarnpkg.com/@firebase/performance-compat/-/performance-compat-0.2.0.tgz#183fdfa3fe33ef6b56ded8d5d25ec01c6be83abe"
  dependencies:
    "@firebase/component" "0.6.0"
    "@firebase/logger" "0.4.0"
    "@firebase/performance" "0.6.0"
    "@firebase/performance-types" "0.2.0"
    "@firebase/util" "1.8.0"
    tslib "^2.1.0"

"@firebase/performance-types@0.2.0":
  version "0.2.0"
  resolved "https://registry.yarnpkg.com/@firebase/performance-types/-/performance-types-0.2.0.tgz#400685f7a3455970817136d9b48ce07a4b9562ff"

"@firebase/performance@0.6.0":
  version "0.6.0"
  resolved "https://registry.yarnpkg.com/@firebase/performance/-/performance-0.6.0.tgz#ced371911ec618a5b6b5de73924e227a6a5a0fa8"
  dependencies:
    "@firebase/component" "0.6.0"
    "@firebase/installations" "0.6.0"
    "@firebase/logger" "0.4.0"
    "@firebase/util" "1.8.0"
    tslib "^2.1.0"

"@firebase/remote-config-compat@0.2.0":
  version "0.2.0"
  resolved "https://registry.yarnpkg.com/@firebase/remote-config-compat/-/remote-config-compat-0.2.0.tgz#b9ddcde4b394ab7d946c47df39eb37f7e81f0100"
  dependencies:
    "@firebase/component" "0.6.0"
    "@firebase/logger" "0.4.0"
    "@firebase/remote-config" "0.4.0"
    "@firebase/remote-config-types" "0.3.0"
    "@firebase/util" "1.8.0"
    tslib "^2.1.0"

"@firebase/remote-config-types@0.3.0":
  version "0.3.0"
  resolved "https://registry.yarnpkg.com/@firebase/remote-config-types/-/remote-config-types-0.3.0.tgz#689900dcdb3e5c059e8499b29db393e4e51314b4"

"@firebase/remote-config@0.4.0":
  version "0.4.0"
  resolved "https://registry.yarnpkg.com/@firebase/remote-config/-/remote-config-0.4.0.tgz#d6a4582f74f4690ac905e6c99fa5486f60cd63a8"
  dependencies:
    "@firebase/component" "0.6.0"
    "@firebase/installations" "0.6.0"
    "@firebase/logger" "0.4.0"
    "@firebase/util" "1.8.0"
    tslib "^2.1.0"

"@firebase/storage-compat@0.2.0":
  version "0.2.0"
  resolved "https://registry.yarnpkg.com/@firebase/storage-compat/-/storage-compat-0.2.0.tgz#3f3356e9f1131f8d98d8dca1639357ea918939d5"
  dependencies:
    "@firebase/component" "0.6.0"
    "@firebase/storage" "0.10.0"
    "@firebase/storage-types" "0.7.0"
    "@firebase/util" "1.8.0"
    tslib "^2.1.0"

"@firebase/storage-types@0.7.0":
  version "0.7.0"
  resolved "https://registry.yarnpkg.com/@firebase/storage-types/-/storage-types-0.7.0.tgz#0beaeafb62be7ebcf402e25b8cf8fa5a157fe925"

"@firebase/storage@0.10.0":
  version "0.10.0"
  resolved "https://registry.yarnpkg.com/@firebase/storage/-/storage-0.10.0.tgz#5b94fb270a8fa551ac0f136257123a889ecbea27"
  dependencies:
    "@firebase/component" "0.6.0"
    "@firebase/util" "1.8.0"
    node-fetch "2.6.7"
    tslib "^2.1.0"

"@firebase/util@1.8.0":
  version "1.8.0"
  resolved "https://registry.yarnpkg.com/@firebase/util/-/util-1.8.0.tgz#e98354c5373f6b1d6b08219887340b79fd23557f"
  dependencies:
    tslib "^2.1.0"

"@firebase/webchannel-wrapper@0.9.0":
  version "0.9.0"
  resolved "https://registry.yarnpkg.com/@firebase/webchannel-wrapper/-/webchannel-wrapper-0.9.0.tgz#9340bce56560a8bdba1d25d6281d4bfc397450dc"

"@grpc/grpc-js@~1.7.0":
  version "1.7.3"
  resolved "https://registry.yarnpkg.com/@grpc/grpc-js/-/grpc-js-1.7.3.tgz#f2ea79f65e31622d7f86d4b4c9ae38f13ccab99a"
  dependencies:
    "@grpc/proto-loader" "^0.7.0"
    "@types/node" ">=12.12.47"

"@grpc/proto-loader@^0.6.13":
  version "0.6.13"
  resolved "https://registry.yarnpkg.com/@grpc/proto-loader/-/proto-loader-0.6.13.tgz#008f989b72a40c60c96cd4088522f09b05ac66bc"
  dependencies:
    "@types/long" "^4.0.1"
    lodash.camelcase "^4.3.0"
    long "^4.0.0"
    protobufjs "^6.11.3"
    yargs "^16.2.0"

"@grpc/proto-loader@^0.7.0":
  version "0.7.4"
  resolved "https://registry.yarnpkg.com/@grpc/proto-loader/-/proto-loader-0.7.4.tgz#4946a84fbf47c3ddd4e6a97acb79d69a9f47ebf2"
  dependencies:
    "@types/long" "^4.0.1"
    lodash.camelcase "^4.3.0"
    long "^4.0.0"
    protobufjs "^7.0.0"
    yargs "^16.2.0"

"@next/env@12.3.4":
  version "12.3.4"
  resolved "https://registry.yarnpkg.com/@next/env/-/env-12.3.4.tgz#c787837d36fcad75d72ff8df6b57482027d64a47"

"@next/swc-android-arm-eabi@12.3.4":
  version "12.3.4"
  resolved "https://registry.yarnpkg.com/@next/swc-android-arm-eabi/-/swc-android-arm-eabi-12.3.4.tgz#fd1c2dafe92066c6120761c6a39d19e666dc5dd0"

"@next/swc-android-arm64@12.3.4":
  version "12.3.4"
  resolved "https://registry.yarnpkg.com/@next/swc-android-arm64/-/swc-android-arm64-12.3.4.tgz#11a146dae7b8bca007239b21c616e83f77b19ed4"

"@next/swc-darwin-arm64@12.3.4":
  version "12.3.4"
  resolved "https://registry.yarnpkg.com/@next/swc-darwin-arm64/-/swc-darwin-arm64-12.3.4.tgz#14ac8357010c95e67327f47082af9c9d75d5be79"

"@next/swc-darwin-x64@12.3.4":
  version "12.3.4"
  resolved "https://registry.yarnpkg.com/@next/swc-darwin-x64/-/swc-darwin-x64-12.3.4.tgz#e7dc63cd2ac26d15fb84d4d2997207fb9ba7da0f"

"@next/swc-freebsd-x64@12.3.4":
  version "12.3.4"
  resolved "https://registry.yarnpkg.com/@next/swc-freebsd-x64/-/swc-freebsd-x64-12.3.4.tgz#fe7ceec58746fdf03f1fcb37ec1331c28e76af93"

"@next/swc-linux-arm-gnueabihf@12.3.4":
  version "12.3.4"
  resolved "https://registry.yarnpkg.com/@next/swc-linux-arm-gnueabihf/-/swc-linux-arm-gnueabihf-12.3.4.tgz#d7016934d02bfc8bd69818ffb0ae364b77b17af7"

"@next/swc-linux-arm64-gnu@12.3.4":
  version "12.3.4"
  resolved "https://registry.yarnpkg.com/@next/swc-linux-arm64-gnu/-/swc-linux-arm64-gnu-12.3.4.tgz#43a7bc409b03487bff5beb99479cacdc7bd29af5"

"@next/swc-linux-arm64-musl@12.3.4":
  version "12.3.4"
  resolved "https://registry.yarnpkg.com/@next/swc-linux-arm64-musl/-/swc-linux-arm64-musl-12.3.4.tgz#4d1db6de6dc982b974cd1c52937111e3e4a34bd3"

"@next/swc-linux-x64-gnu@12.3.4":
  version "12.3.4"
  resolved "https://registry.yarnpkg.com/@next/swc-linux-x64-gnu/-/swc-linux-x64-gnu-12.3.4.tgz#c3b414d77bab08b35f7dd8943d5586f0adb15e38"

"@next/swc-linux-x64-musl@12.3.4":
  version "12.3.4"
  resolved "https://registry.yarnpkg.com/@next/swc-linux-x64-musl/-/swc-linux-x64-musl-12.3.4.tgz#187a883ec09eb2442a5ebf126826e19037313c61"

"@next/swc-win32-arm64-msvc@12.3.4":
  version "12.3.4"
  resolved "https://registry.yarnpkg.com/@next/swc-win32-arm64-msvc/-/swc-win32-arm64-msvc-12.3.4.tgz#89befa84e453ed2ef9a888f375eba565a0fde80b"

"@next/swc-win32-ia32-msvc@12.3.4":
  version "12.3.4"
  resolved "https://registry.yarnpkg.com/@next/swc-win32-ia32-msvc/-/swc-win32-ia32-msvc-12.3.4.tgz#cb50c08f0e40ead63642a7f269f0c8254261f17c"

"@next/swc-win32-x64-msvc@12.3.4":
  version "12.3.4"
  resolved "https://registry.yarnpkg.com/@next/swc-win32-x64-msvc/-/swc-win32-x64-msvc-12.3.4.tgz#d28ea15a72cdcf96201c60a43e9630cd7fda168f"

"@protobufjs/aspromise@^1.1.1", "@protobufjs/aspromise@^1.1.2":
  version "1.1.2"
  resolved "https://registry.yarnpkg.com/@protobufjs/aspromise/-/aspromise-1.1.2.tgz#9b8b0cc663d669a7d8f6f5d0893a14d348f30fbf"

"@protobufjs/base64@^1.1.2":
  version "1.1.2"
  resolved "https://registry.yarnpkg.com/@protobufjs/base64/-/base64-1.1.2.tgz#4c85730e59b9a1f1f349047dbf24296034bb2735"

"@protobufjs/codegen@^2.0.4":
  version "2.0.4"
  resolved "https://registry.yarnpkg.com/@protobufjs/codegen/-/codegen-2.0.4.tgz#7ef37f0d010fb028ad1ad59722e506d9262815cb"

"@protobufjs/eventemitter@^1.1.0":
  version "1.1.0"
  resolved "https://registry.yarnpkg.com/@protobufjs/eventemitter/-/eventemitter-1.1.0.tgz#355cbc98bafad5978f9ed095f397621f1d066b70"

"@protobufjs/fetch@^1.1.0":
  version "1.1.0"
  resolved "https://registry.yarnpkg.com/@protobufjs/fetch/-/fetch-1.1.0.tgz#ba99fb598614af65700c1619ff06d454b0d84c45"
  dependencies:
    "@protobufjs/aspromise" "^1.1.1"
    "@protobufjs/inquire" "^1.1.0"

"@protobufjs/float@^1.0.2":
  version "1.0.2"
  resolved "https://registry.yarnpkg.com/@protobufjs/float/-/float-1.0.2.tgz#5e9e1abdcb73fc0a7cb8b291df78c8cbd97b87d1"

"@protobufjs/inquire@^1.1.0":
  version "1.1.0"
  resolved "https://registry.yarnpkg.com/@protobufjs/inquire/-/inquire-1.1.0.tgz#ff200e3e7cf2429e2dcafc1140828e8cc638f089"

"@protobufjs/path@^1.1.2":
  version "1.1.2"
  resolved "https://registry.yarnpkg.com/@protobufjs/path/-/path-1.1.2.tgz#6cc2b20c5c9ad6ad0dccfd21ca7673d8d7fbf68d"

"@protobufjs/pool@^1.1.0":
  version "1.1.0"
  resolved "https://registry.yarnpkg.com/@protobufjs/pool/-/pool-1.1.0.tgz#09fd15f2d6d3abfa9b65bc366506d6ad7846ff54"

"@protobufjs/utf8@^1.1.0":
  version "1.1.0"
  resolved "https://registry.yarnpkg.com/@protobufjs/utf8/-/utf8-1.1.0.tgz#a777360b5b39a1a2e5106f8e858f2fd2d060c570"

"@swc/helpers@0.4.11":
  version "0.4.11"
  resolved "https://registry.yarnpkg.com/@swc/helpers/-/helpers-0.4.11.tgz#db23a376761b3d31c26502122f349a21b592c8de"
  dependencies:
    tslib "^2.4.0"

"@types/long@^4.0.1":
  version "4.0.2"
  resolved "https://registry.yarnpkg.com/@types/long/-/long-4.0.2.tgz#b74129719fc8d11c01868010082d483b7545591a"

"@types/node@>=12.12.47", "@types/node@>=13.7.0":
  version "18.11.17"
  resolved "https://registry.yarnpkg.com/@types/node/-/node-18.11.17.tgz#5c009e1d9c38f4a2a9d45c0b0c493fe6cdb4bcb5"

ansi-regex@^5.0.1:
  version "5.0.1"
  resolved "https://registry.yarnpkg.com/ansi-regex/-/ansi-regex-5.0.1.tgz#082cb2c89c9fe8659a311a53bd6a4dc5301db304"

ansi-styles@^4.0.0:
  version "4.3.0"
  resolved "https://registry.yarnpkg.com/ansi-styles/-/ansi-styles-4.3.0.tgz#edd803628ae71c04c85ae7a0906edad34b648937"
  dependencies:
    color-convert "^2.0.1"

caniuse-lite@^1.0.30001406:
  version "1.0.30001441"
  resolved "https://registry.yarnpkg.com/caniuse-lite/-/caniuse-lite-1.0.30001441.tgz#987437b266260b640a23cd18fbddb509d7f69f3e"

cliui@^7.0.2:
  version "7.0.4"
  resolved "https://registry.yarnpkg.com/cliui/-/cliui-7.0.4.tgz#a0265ee655476fc807aea9df3df8df7783808b4f"
  dependencies:
    string-width "^4.2.0"
    strip-ansi "^6.0.0"
    wrap-ansi "^7.0.0"

color-convert@^2.0.1:
  version "2.0.1"
  resolved "https://registry.yarnpkg.com/color-convert/-/color-convert-2.0.1.tgz#72d3a68d598c9bdb3af2ad1e84f21d896abd4de3"
  dependencies:
    color-name "~1.1.4"

color-name@~1.1.4:
  version "1.1.4"
  resolved "https://registry.yarnpkg.com/color-name/-/color-name-1.1.4.tgz#c2a09a87acbde69543de6f63fa3995c826c536a2"

comma-number@^1.1.0:
  version "1.1.0"
  resolved "https://registry.yarnpkg.com/comma-number/-/comma-number-1.1.0.tgz#8d225043fc9fd71a5d3785b7459f32e1ca35013e"

emoji-regex@^8.0.0:
  version "8.0.0"
  resolved "https://registry.yarnpkg.com/emoji-regex/-/emoji-regex-8.0.0.tgz#e818fd69ce5ccfcb404594f842963bf53164cc37"

encoding@^0.1.11:
  version "0.1.12"
  resolved "https://registry.yarnpkg.com/encoding/-/encoding-0.1.12.tgz#538b66f3ee62cd1ab51ec323829d1f9480c74beb"
  dependencies:
    iconv-lite "~0.4.13"

escalade@^3.1.1:
  version "3.1.1"
  resolved "https://registry.yarnpkg.com/escalade/-/escalade-3.1.1.tgz#d8cfdc7000965c5a0174b4a82eaa5c0552742e40"

faye-websocket@0.11.4:
  version "0.11.4"
  resolved "https://registry.yarnpkg.com/faye-websocket/-/faye-websocket-0.11.4.tgz#7f0d9275cfdd86a1c963dc8b65fcc451edcbb1da"
  dependencies:
    websocket-driver ">=0.5.1"

firebase@^9.15.0:
  version "9.15.0"
  resolved "https://registry.yarnpkg.com/firebase/-/firebase-9.15.0.tgz#c48bad2d9ab490b147c18aab591635dd738236b9"
  dependencies:
    "@firebase/analytics" "0.9.0"
    "@firebase/analytics-compat" "0.2.0"
    "@firebase/app" "0.9.0"
    "@firebase/app-check" "0.6.0"
    "@firebase/app-check-compat" "0.3.0"
    "@firebase/app-compat" "0.2.0"
    "@firebase/app-types" "0.9.0"
    "@firebase/auth" "0.21.0"
    "@firebase/auth-compat" "0.3.0"
    "@firebase/database" "0.14.0"
    "@firebase/database-compat" "0.3.0"
    "@firebase/firestore" "3.8.0"
    "@firebase/firestore-compat" "0.3.0"
    "@firebase/functions" "0.9.0"
    "@firebase/functions-compat" "0.3.0"
    "@firebase/installations" "0.6.0"
    "@firebase/installations-compat" "0.2.0"
    "@firebase/messaging" "0.12.0"
    "@firebase/messaging-compat" "0.2.0"
    "@firebase/performance" "0.6.0"
    "@firebase/performance-compat" "0.2.0"
    "@firebase/remote-config" "0.4.0"
    "@firebase/remote-config-compat" "0.2.0"
    "@firebase/storage" "0.10.0"
    "@firebase/storage-compat" "0.2.0"
    "@firebase/util" "1.8.0"

get-caller-file@^2.0.5:
  version "2.0.5"
  resolved "https://registry.yarnpkg.com/get-caller-file/-/get-caller-file-2.0.5.tgz#4f94412a82db32f36e3b0b9741f8a97feb031f7e"

iconv-lite@~0.4.13:
  version "0.4.15"
  resolved "https://registry.yarnpkg.com/iconv-lite/-/iconv-lite-0.4.15.tgz#fe265a218ac6a57cfe854927e9d04c19825eddeb"

idb@7.0.1:
  version "7.0.1"
  resolved "https://registry.yarnpkg.com/idb/-/idb-7.0.1.tgz#d2875b3a2f205d854ee307f6d196f246fea590a7"

is-fullwidth-code-point@^3.0.0:
  version "3.0.0"
  resolved "https://registry.yarnpkg.com/is-fullwidth-code-point/-/is-fullwidth-code-point-3.0.0.tgz#f116f8064fe90b3f7844a38997c0b75051269f1d"

is-stream@^1.0.1:
  version "1.1.0"
  resolved "https://registry.yarnpkg.com/is-stream/-/is-stream-1.1.0.tgz#12d4a3dd4e68e0b79ceb8dbc84173ae80d91ca44"

isomorphic-fetch@^2.2.1:
  version "2.2.1"
  resolved "https://registry.yarnpkg.com/isomorphic-fetch/-/isomorphic-fetch-2.2.1.tgz#611ae1acf14f5e81f729507472819fe9733558a9"
  dependencies:
    node-fetch "^1.0.1"
    whatwg-fetch ">=0.10.0"

js-tokens@^2.0.0:
  version "2.0.0"
  resolved "https://registry.yarnpkg.com/js-tokens/-/js-tokens-2.0.0.tgz#79903f5563ee778cc1162e6dcf1a0027c97f9cb5"

load-script@^1.0.0:
  version "1.0.0"
  resolved "https://registry.yarnpkg.com/load-script/-/load-script-1.0.0.tgz#0491939e0bee5643ee494a7e3da3d2bac70c6ca4"

lodash.camelcase@^4.3.0:
  version "4.3.0"
  resolved "https://registry.yarnpkg.com/lodash.camelcase/-/lodash.camelcase-4.3.0.tgz#b28aa6288a2b9fc651035c7711f65ab6190331a6"

long@^4.0.0:
  version "4.0.0"
  resolved "https://registry.yarnpkg.com/long/-/long-4.0.0.tgz#9a7b71cfb7d361a194ea555241c92f7468d5bf28"

long@^5.0.0:
  version "5.2.1"
  resolved "https://registry.yarnpkg.com/long/-/long-5.2.1.tgz#e27595d0083d103d2fa2c20c7699f8e0c92b897f"

loose-envify@^1.1.0:
  version "1.3.0"
  resolved "https://registry.yarnpkg.com/loose-envify/-/loose-envify-1.3.0.tgz#6b26248c42f6d4fa4b0d8542f78edfcde35642a8"
  dependencies:
    js-tokens "^2.0.0"

nanoid@^3.3.4:
  version "3.3.4"
  resolved "https://registry.yarnpkg.com/nanoid/-/nanoid-3.3.4.tgz#730b67e3cd09e2deacf03c027c81c9d9dbc5e8ab"

next@^12.0.7:
  version "12.3.4"
  resolved "https://registry.yarnpkg.com/next/-/next-12.3.4.tgz#f2780a6ebbf367e071ce67e24bd8a6e05de2fcb1"
  dependencies:
    "@next/env" "12.3.4"
    "@swc/helpers" "0.4.11"
    caniuse-lite "^1.0.30001406"
    postcss "8.4.14"
    styled-jsx "5.0.7"
    use-sync-external-store "1.2.0"
  optionalDependencies:
    "@next/swc-android-arm-eabi" "12.3.4"
    "@next/swc-android-arm64" "12.3.4"
    "@next/swc-darwin-arm64" "12.3.4"
    "@next/swc-darwin-x64" "12.3.4"
    "@next/swc-freebsd-x64" "12.3.4"
    "@next/swc-linux-arm-gnueabihf" "12.3.4"
    "@next/swc-linux-arm64-gnu" "12.3.4"
    "@next/swc-linux-arm64-musl" "12.3.4"
    "@next/swc-linux-x64-gnu" "12.3.4"
    "@next/swc-linux-x64-musl" "12.3.4"
    "@next/swc-win32-arm64-msvc" "12.3.4"
    "@next/swc-win32-ia32-msvc" "12.3.4"
    "@next/swc-win32-x64-msvc" "12.3.4"

node-fetch@2.6.7:
  version "2.6.7"
  resolved "https://registry.yarnpkg.com/node-fetch/-/node-fetch-2.6.7.tgz#24de9fba827e3b4ae44dc8b20256a379160052ad"
  dependencies:
    whatwg-url "^5.0.0"

node-fetch@^1.0.1:
  version "1.6.3"
  resolved "https://registry.yarnpkg.com/node-fetch/-/node-fetch-1.6.3.tgz#dc234edd6489982d58e8f0db4f695029abcd8c04"
  dependencies:
    encoding "^0.1.11"
    is-stream "^1.0.1"

nprogress@^0.2.0:
  version "0.2.0"
  resolved "https://registry.npmjs.org/nprogress/-/nprogress-0.2.0.tgz#cb8f34c53213d895723fcbab907e9422adbcafb1"

object-assign@^4.1.1:
  version "4.1.1"
  resolved "https://registry.yarnpkg.com/object-assign/-/object-assign-4.1.1.tgz#2109adc7965887cfc05cbbd442cac8bfbb360863"

picocolors@^1.0.0:
  version "1.0.0"
  resolved "https://registry.yarnpkg.com/picocolors/-/picocolors-1.0.0.tgz#cb5bdc74ff3f51892236eaf79d68bc44564ab81c"

postcss@8.4.14:
  version "8.4.14"
  resolved "https://registry.yarnpkg.com/postcss/-/postcss-8.4.14.tgz#ee9274d5622b4858c1007a74d76e42e56fd21caf"
  dependencies:
    nanoid "^3.3.4"
    picocolors "^1.0.0"
    source-map-js "^1.0.2"

protobufjs@^6.11.3:
  version "6.11.3"
  resolved "https://registry.yarnpkg.com/protobufjs/-/protobufjs-6.11.3.tgz#637a527205a35caa4f3e2a9a4a13ddffe0e7af74"
  dependencies:
    "@protobufjs/aspromise" "^1.1.2"
    "@protobufjs/base64" "^1.1.2"
    "@protobufjs/codegen" "^2.0.4"
    "@protobufjs/eventemitter" "^1.1.0"
    "@protobufjs/fetch" "^1.1.0"
    "@protobufjs/float" "^1.0.2"
    "@protobufjs/inquire" "^1.1.0"
    "@protobufjs/path" "^1.1.2"
    "@protobufjs/pool" "^1.1.0"
    "@protobufjs/utf8" "^1.1.0"
    "@types/long" "^4.0.1"
    "@types/node" ">=13.7.0"
    long "^4.0.0"

protobufjs@^7.0.0:
  version "7.1.2"
  resolved "https://registry.yarnpkg.com/protobufjs/-/protobufjs-7.1.2.tgz#a0cf6aeaf82f5625bffcf5a38b7cd2a7de05890c"
  dependencies:
    "@protobufjs/aspromise" "^1.1.2"
    "@protobufjs/base64" "^1.1.2"
    "@protobufjs/codegen" "^2.0.4"
    "@protobufjs/eventemitter" "^1.1.0"
    "@protobufjs/fetch" "^1.1.0"
    "@protobufjs/float" "^1.0.2"
    "@protobufjs/inquire" "^1.1.0"
    "@protobufjs/path" "^1.1.2"
    "@protobufjs/pool" "^1.1.0"
    "@protobufjs/utf8" "^1.1.0"
    "@types/node" ">=13.7.0"
    long "^5.0.0"

react-dom@^17.0.2:
  version "17.0.2"
  resolved "https://registry.yarnpkg.com/react-dom/-/react-dom-17.0.2.tgz#ecffb6845e3ad8dbfcdc498f0d0a939736502c23"
  dependencies:
    loose-envify "^1.1.0"
    object-assign "^4.1.1"
    scheduler "^0.20.2"

react@^17.0.2:
  version "17.0.2"
  resolved "https://registry.yarnpkg.com/react/-/react-17.0.2.tgz#d0b5cc516d29eb3eee383f75b62864cfb6800037"
  dependencies:
    loose-envify "^1.1.0"
    object-assign "^4.1.1"

require-directory@^2.1.1:
  version "2.1.1"
  resolved "https://registry.yarnpkg.com/require-directory/-/require-directory-2.1.1.tgz#8c64ad5fd30dab1c976e2344ffe7f792a6a6df42"

scheduler@^0.20.2:
  version "0.20.2"
  resolved "https://registry.yarnpkg.com/scheduler/-/scheduler-0.20.2.tgz#4baee39436e34aa93b4874bddcbf0fe8b8b50e91"
  dependencies:
    loose-envify "^1.1.0"
    object-assign "^4.1.1"

source-map-js@^1.0.2:
  version "1.0.2"
  resolved "https://registry.yarnpkg.com/source-map-js/-/source-map-js-1.0.2.tgz#adbc361d9c62df380125e7f161f71c826f1e490c"

string-width@^4.1.0, string-width@^4.2.0:
  version "4.2.3"
  resolved "https://registry.yarnpkg.com/string-width/-/string-width-4.2.3.tgz#269c7117d27b05ad2e536830a8ec895ef9c6d010"
  dependencies:
    emoji-regex "^8.0.0"
    is-fullwidth-code-point "^3.0.0"
    strip-ansi "^6.0.1"

strip-ansi@^6.0.0, strip-ansi@^6.0.1:
  version "6.0.1"
  resolved "https://registry.yarnpkg.com/strip-ansi/-/strip-ansi-6.0.1.tgz#9e26c63d30f53443e9489495b2105d37b67a85d9"
  dependencies:
    ansi-regex "^5.0.1"

styled-jsx@5.0.7:
  version "5.0.7"
  resolved "https://registry.yarnpkg.com/styled-jsx/-/styled-jsx-5.0.7.tgz#be44afc53771b983769ac654d355ca8d019dff48"

tr46@~0.0.3:
  version "0.0.3"
  resolved "https://registry.yarnpkg.com/tr46/-/tr46-0.0.3.tgz#8184fd347dac9cdc185992f3a6622e14b9d9ab6a"

tslib@^2.1.0, tslib@^2.4.0:
  version "2.4.1"
  resolved "https://registry.yarnpkg.com/tslib/-/tslib-2.4.1.tgz#0d0bfbaac2880b91e22df0768e55be9753a5b17e"

use-sync-external-store@1.2.0:
  version "1.2.0"
  resolved "https://registry.yarnpkg.com/use-sync-external-store/-/use-sync-external-store-1.2.0.tgz#7dbefd6ef3fe4e767a0cf5d7287aacfb5846928a"

webidl-conversions@^3.0.0:
  version "3.0.1"
  resolved "https://registry.yarnpkg.com/webidl-conversions/-/webidl-conversions-3.0.1.tgz#24534275e2a7bc6be7bc86611cc16ae0a5654871"

websocket-driver@>=0.5.1:
  version "0.6.5"
  resolved "https://registry.yarnpkg.com/websocket-driver/-/websocket-driver-0.6.5.tgz#5cb2556ceb85f4373c6d8238aa691c8454e13a36"
  dependencies:
    websocket-extensions ">=0.1.1"

websocket-extensions@>=0.1.1:
  version "0.1.1"
  resolved "https://registry.yarnpkg.com/websocket-extensions/-/websocket-extensions-0.1.1.tgz#76899499c184b6ef754377c2dbb0cd6cb55d29e7"

whatwg-fetch@>=0.10.0:
  version "2.0.1"
  resolved "https://registry.yarnpkg.com/whatwg-fetch/-/whatwg-fetch-2.0.1.tgz#078b9461bbe91cea73cbce8bb122a05f9e92b772"

whatwg-url@^5.0.0:
  version "5.0.0"
  resolved "https://registry.yarnpkg.com/whatwg-url/-/whatwg-url-5.0.0.tgz#966454e8765462e37644d3626f6742ce8b70965d"
  dependencies:
    tr46 "~0.0.3"
    webidl-conversions "^3.0.0"

wrap-ansi@^7.0.0:
  version "7.0.0"
  resolved "https://registry.yarnpkg.com/wrap-ansi/-/wrap-ansi-7.0.0.tgz#67e145cff510a6a6984bdf1152911d69d2eb9e43"
  dependencies:
    ansi-styles "^4.0.0"
    string-width "^4.1.0"
    strip-ansi "^6.0.0"

y18n@^5.0.5:
  version "5.0.8"
  resolved "https://registry.yarnpkg.com/y18n/-/y18n-5.0.8.tgz#7f4934d0f7ca8c56f95314939ddcd2dd91ce1d55"

yargs-parser@^20.2.2:
  version "20.2.9"
  resolved "https://registry.yarnpkg.com/yargs-parser/-/yargs-parser-20.2.9.tgz#2eb7dc3b0289718fc295f362753845c41a0c94ee"

yargs@^16.2.0:
  version "16.2.0"
  resolved "https://registry.yarnpkg.com/yargs/-/yargs-16.2.0.tgz#1c82bf0f6b6a66eafce7ef30e376f49a12477f66"
  dependencies:
    cliui "^7.0.2"
    escalade "^3.1.1"
    get-caller-file "^2.0.5"
    require-directory "^2.1.1"
    string-width "^4.2.0"
    y18n "^5.0.5"
    yargs-parser "^20.2.2"
